
Microsoft Visual Studio Solution File, Format Version 12.00
# Visual Studio Version 17
VisualStudioVersion = 17.10.35027.167
MinimumVisualStudioVersion = 10.0.40219.1
Project("{FAE04EC0-301F-11D3-BF4B-00C04F79EFBC}") = "EMedicineBE", "EMedicineBE.csproj", "{B8BA37BC-B772-47F1-A0F8-9FAFDE555FB8}"
EndProject
Global
	GlobalSection(SolutionConfigurationPlatforms) = preSolution
		Debug|Any CPU = Debug|Any CPU
		Release|Any CPU = Release|Any CPU
	EndGlobalSection
	GlobalSection(ProjectConfigurationPlatforms) = postSolution
		{B8BA37BC-B772-47F1-A0F8-9FAFDE555FB8}.Debug|Any CPU.ActiveCfg = Debug|Any CPU
		{B8BA37BC-B772-47F1-A0F8-9FAFDE555FB8}.Debug|Any CPU.Build.0 = Debug|Any CPU
		{B8BA37BC-B772-47F1-A0F8-9FAFDE555FB8}.Release|Any CPU.ActiveCfg = Release|Any CPU
		{B8BA37BC-B772-47F1-A0F8-9FAFDE555FB8}.Release|Any CPU.Build.0 = Release|Any CPU
	EndGlobalSection
	GlobalSection(SolutionProperties) = preSolution
		HideSolutionNode = FALSE
	EndGlobalSection
	GlobalSection(ExtensibilityGlobals) = postSolution
		SolutionGuid = {C28C2202-30F5-4BD1-8296-62DB40BFA532}
	EndGlobalSection
EndGlobal
